{
    "_readme": [
        "This file locks the dependencies of your project to a known state",
        "Read more about it at https://getcomposer.org/doc/01-basic-usage.md#composer-lock-the-lock-file",
        "This file is @generated automatically"
    ],
    "hash": "a671228db2c4fd30e0fa94cd6c037f05",
    "content-hash": "bf8b8d7e01171f82aa278301cc951670",
    "packages": [
        {
            "name": "raphievila/xtags",
            "version": "dev-master",
            "source": {
                "type": "git",
                "url": "git://github.com/raphievila/xtags.git",
                "reference": "master"
            },
            "dist": {
                "type": "zip",
                "url": "https://api.github.com/repos/raphievila/xtags/zipball/master",
                "reference": "master",
                "shasum": ""
            },
            "require": {
                "php": "^5.3 || ^7.0"
            },
            "type": "library",
            "notification-url": "https://packagist.org/downloads/",
            "license": [
                "GHU 3.0"
            ],
            "time": "2016-06-26 08:02:09"
        }
    ],
    "packages-dev": [],
    "aliases": [],
    "minimum-stability": "dev",
    "stability-flags": {
        "raphievila/xtags": 20
    },
    "prefer-stable": false,
    "prefer-lowest": false,
    "platform": [],
    "platform-dev": []
}
